
Microsoft Visual Studio Solution File, Format Version 11.00
# Visual Studio 2010
Project("{FAE04EC0-301F-11D3-BF4B-00C04F79EFBC}") = "MyMVCDemo", "MyMVCDemo\MyMVCDemo.csproj", "{9F25642D-0CB8-4D93-B37E-B4BA78A4739B}"
EndProject
Project("{FAE04EC0-301F-11D3-BF4B-00C04F79EFBC}") = "Gova.CommonLibrary", "Gova.CommonLibrary\Gova.CommonLibrary.csproj", "{05213EF8-B127-4D88-B15D-A420CD4471C5}"
EndProject
Global
	GlobalSection(SolutionConfigurationPlatforms) = preSolution
		CodeCoverage|Any CPU = CodeCoverage|Any CPU
		Debug|Any CPU = Debug|Any CPU
		FxCop|Any CPU = FxCop|Any CPU
		Release|Any CPU = Release|Any CPU
	EndGlobalSection
	GlobalSection(ProjectConfigurationPlatforms) = postSolution
		{9F25642D-0CB8-4D93-B37E-B4BA78A4739B}.CodeCoverage|Any CPU.ActiveCfg = Release|Any CPU
		{9F25642D-0CB8-4D93-B37E-B4BA78A4739B}.CodeCoverage|Any CPU.Build.0 = Release|Any CPU
		{9F25642D-0CB8-4D93-B37E-B4BA78A4739B}.Debug|Any CPU.ActiveCfg = Debug|Any CPU
		{9F25642D-0CB8-4D93-B37E-B4BA78A4739B}.Debug|Any CPU.Build.0 = Debug|Any CPU
		{9F25642D-0CB8-4D93-B37E-B4BA78A4739B}.FxCop|Any CPU.ActiveCfg = Release|Any CPU
		{9F25642D-0CB8-4D93-B37E-B4BA78A4739B}.FxCop|Any CPU.Build.0 = Release|Any CPU
		{9F25642D-0CB8-4D93-B37E-B4BA78A4739B}.Release|Any CPU.ActiveCfg = Release|Any CPU
		{9F25642D-0CB8-4D93-B37E-B4BA78A4739B}.Release|Any CPU.Build.0 = Release|Any CPU
		{05213EF8-B127-4D88-B15D-A420CD4471C5}.CodeCoverage|Any CPU.ActiveCfg = Release|Any CPU
		{05213EF8-B127-4D88-B15D-A420CD4471C5}.CodeCoverage|Any CPU.Build.0 = Release|Any CPU
		{05213EF8-B127-4D88-B15D-A420CD4471C5}.Debug|Any CPU.ActiveCfg = Debug|Any CPU
		{05213EF8-B127-4D88-B15D-A420CD4471C5}.Debug|Any CPU.Build.0 = Debug|Any CPU
		{05213EF8-B127-4D88-B15D-A420CD4471C5}.FxCop|Any CPU.ActiveCfg = Release|Any CPU
		{05213EF8-B127-4D88-B15D-A420CD4471C5}.FxCop|Any CPU.Build.0 = Release|Any CPU
		{05213EF8-B127-4D88-B15D-A420CD4471C5}.Release|Any CPU.ActiveCfg = Release|Any CPU
		{05213EF8-B127-4D88-B15D-A420CD4471C5}.Release|Any CPU.Build.0 = Release|Any CPU
	EndGlobalSection
	GlobalSection(SolutionProperties) = preSolution
		HideSolutionNode = FALSE
	EndGlobalSection
EndGlobal
