
Microsoft Visual Studio Solution File, Format Version 11.00
# Visual Studio 2010
Project("{2150E333-8FDC-42A3-9474-1A3956D46DE8}") = "ASP.NET MVC", "ASP.NET MVC", "{965D921C-751F-43A7-AA65-ADB521B5D84F}"
EndProject
Project("{2150E333-8FDC-42A3-9474-1A3956D46DE8}") = "ASP.NET Webform", "ASP.NET Webform", "{2F7FFAF2-4EF1-47B0-9B37-9CC0DE16566D}"
EndProject
Project("{2150E333-8FDC-42A3-9474-1A3956D46DE8}") = ".NET", ".NET", "{E80A2165-4630-4866-BA35-F020D3B1642D}"
EndProject
Project("{2150E333-8FDC-42A3-9474-1A3956D46DE8}") = "Solution Items", "Solution Items", "{D1873EA1-3CBE-430E-AD92-8B9048778ABB}"
	ProjectSection(SolutionItems) = preProject
		DotNETLearning.vsmdi = DotNETLearning.vsmdi
		Local.testsettings = Local.testsettings
		TraceAndTestImpact.testsettings = TraceAndTestImpact.testsettings
	EndProjectSection
EndProject
Project("{2150E333-8FDC-42A3-9474-1A3956D46DE8}") = "Console", "Console", "{39FC9F3E-199D-4F4F-840E-4C6B4B406018}"
EndProject
Project("{FAE04EC0-301F-11D3-BF4B-00C04F79EFBC}") = "ExpressionTreeDemo", "Console\ExpressionTreeDemo\ExpressionTreeDemo.csproj", "{8A049031-78BC-477A-9D46-BE642271804B}"
EndProject
Project("{FAE04EC0-301F-11D3-BF4B-00C04F79EFBC}") = "JQueryWebFormDemo", "WebApplication\JQueryWebFormDemo\JQueryWebFormDemo.csproj", "{BCB42B86-6F9F-47AC-BCA9-29C7CC942D29}"
EndProject
Project("{FAE04EC0-301F-11D3-BF4B-00C04F79EFBC}") = "AppDemo1", "MVCApplicaion\App\AppDemo1\AppDemo1.csproj", "{6A9B29CD-944D-4276-BC60-38BA25D412F3}"
EndProject
Project("{FAE04EC0-301F-11D3-BF4B-00C04F79EFBC}") = "MathLibTest", "Console\MathLibTest\MathLibTest.csproj", "{AE5C6DB0-3759-4674-AE7A-9EFCF8680DF2}"
EndProject
Project("{2150E333-8FDC-42A3-9474-1A3956D46DE8}") = "HTML", "HTML", "{D83A16F8-1C82-4F10-AAC1-760D0822E3C9}"
EndProject
Project("{FAE04EC0-301F-11D3-BF4B-00C04F79EFBC}") = "FrameworkDemo", "Console\FrameworkDemo\FrameworkDemo.csproj", "{7472E7D3-E5BA-4433-B166-9A536A0E1E40}"
EndProject
Project("{FAE04EC0-301F-11D3-BF4B-00C04F79EFBC}") = "G4.Web", "Framework\G4.Web\G4.Web.csproj", "{26349917-F7F6-4B26-830E-489834273158}"
EndProject
Project("{FAE04EC0-301F-11D3-BF4B-00C04F79EFBC}") = "G4.Mvc", "Framework\G4.Mvc\G4.Mvc.csproj", "{C889502C-016A-4F44-9731-145E6EC71820}"
EndProject
Project("{FAE04EC0-301F-11D3-BF4B-00C04F79EFBC}") = "G4.Core", "Framework\G4.Core\G4.Core.csproj", "{308E56CC-463B-4CB4-AE6E-BFAE92372F7A}"
EndProject
Project("{FAE04EC0-301F-11D3-BF4B-00C04F79EFBC}") = "G4.SalesforceApi", "Framework\G4.Salesforce\G4.SalesforceApi.csproj", "{915C255D-FEC2-4940-815E-DCF49AFBEF73}"
EndProject
Project("{2150E333-8FDC-42A3-9474-1A3956D46DE8}") = "Test", "Test", "{3346A455-2C35-47DC-965B-D914A9A36EE1}"
EndProject
Project("{2150E333-8FDC-42A3-9474-1A3956D46DE8}") = "WCF", "WCF", "{3EAE6214-73FD-48D1-BE77-3D6B4B2B9C33}"
EndProject
Project("{FAE04EC0-301F-11D3-BF4B-00C04F79EFBC}") = "G4.WcfService.Client", "WCF\Client\G4.WcfService.Client.csproj", "{1D75E5A0-8175-41A5-9F78-8CB66985D8CD}"
EndProject
Project("{FAE04EC0-301F-11D3-BF4B-00C04F79EFBC}") = "G4.WcfService.Service", "WCF\Service\G4.WcfService.Service.csproj", "{872F2B33-72D7-4DE1-9580-D2145C323895}"
EndProject
Project("{FAE04EC0-301F-11D3-BF4B-00C04F79EFBC}") = "G4.Data", "Framework\G4.Data\G4.Data.csproj", "{79A80992-BED3-4DED-9536-8D1808DFC79C}"
EndProject
Project("{FAE04EC0-301F-11D3-BF4B-00C04F79EFBC}") = "G4.WCF", "Framework\G4.WCF\G4.WCF.csproj", "{29161519-3721-4E85-BE34-CF2807447845}"
EndProject
Global
	GlobalSection(SubversionScc) = preSolution
		Svn-Managed = True
		Manager = AnkhSVN - Subversion Support for Visual Studio
	EndGlobalSection
	GlobalSection(TestCaseManagementSettings) = postSolution
		CategoryFile = DotNETLearning.vsmdi
	EndGlobalSection
	GlobalSection(SolutionConfigurationPlatforms) = preSolution
		Debug|Any CPU = Debug|Any CPU
		Debug|Mixed Platforms = Debug|Mixed Platforms
		Debug|x86 = Debug|x86
		Debug-NET35|Any CPU = Debug-NET35|Any CPU
		Debug-NET35|Mixed Platforms = Debug-NET35|Mixed Platforms
		Debug-NET35|x86 = Debug-NET35|x86
		Debug-NET40|Any CPU = Debug-NET40|Any CPU
		Debug-NET40|Mixed Platforms = Debug-NET40|Mixed Platforms
		Debug-NET40|x86 = Debug-NET40|x86
		Release|Any CPU = Release|Any CPU
		Release|Mixed Platforms = Release|Mixed Platforms
		Release|x86 = Release|x86
		Release-NET35|Any CPU = Release-NET35|Any CPU
		Release-NET35|Mixed Platforms = Release-NET35|Mixed Platforms
		Release-NET35|x86 = Release-NET35|x86
		Release-NET40|Any CPU = Release-NET40|Any CPU
		Release-NET40|Mixed Platforms = Release-NET40|Mixed Platforms
		Release-NET40|x86 = Release-NET40|x86
	EndGlobalSection
	GlobalSection(ProjectConfigurationPlatforms) = postSolution
		{8A049031-78BC-477A-9D46-BE642271804B}.Debug|Any CPU.ActiveCfg = Debug|x86
		{8A049031-78BC-477A-9D46-BE642271804B}.Debug|Mixed Platforms.ActiveCfg = Debug|x86
		{8A049031-78BC-477A-9D46-BE642271804B}.Debug|Mixed Platforms.Build.0 = Debug|x86
		{8A049031-78BC-477A-9D46-BE642271804B}.Debug|x86.ActiveCfg = Debug|x86
		{8A049031-78BC-477A-9D46-BE642271804B}.Debug|x86.Build.0 = Debug|x86
		{8A049031-78BC-477A-9D46-BE642271804B}.Debug-NET35|Any CPU.ActiveCfg = Debug-NET35|x86
		{8A049031-78BC-477A-9D46-BE642271804B}.Debug-NET35|Mixed Platforms.ActiveCfg = Debug-NET35|x86
		{8A049031-78BC-477A-9D46-BE642271804B}.Debug-NET35|Mixed Platforms.Build.0 = Debug-NET35|x86
		{8A049031-78BC-477A-9D46-BE642271804B}.Debug-NET35|x86.ActiveCfg = Debug-NET35|x86
		{8A049031-78BC-477A-9D46-BE642271804B}.Debug-NET35|x86.Build.0 = Debug-NET35|x86
		{8A049031-78BC-477A-9D46-BE642271804B}.Debug-NET40|Any CPU.ActiveCfg = Debug-NET40|x86
		{8A049031-78BC-477A-9D46-BE642271804B}.Debug-NET40|Mixed Platforms.ActiveCfg = Debug-NET40|x86
		{8A049031-78BC-477A-9D46-BE642271804B}.Debug-NET40|Mixed Platforms.Build.0 = Debug-NET40|x86
		{8A049031-78BC-477A-9D46-BE642271804B}.Debug-NET40|x86.ActiveCfg = Debug-NET40|x86
		{8A049031-78BC-477A-9D46-BE642271804B}.Debug-NET40|x86.Build.0 = Debug-NET40|x86
		{8A049031-78BC-477A-9D46-BE642271804B}.Release|Any CPU.ActiveCfg = Release|x86
		{8A049031-78BC-477A-9D46-BE642271804B}.Release|Mixed Platforms.ActiveCfg = Release|x86
		{8A049031-78BC-477A-9D46-BE642271804B}.Release|Mixed Platforms.Build.0 = Release|x86
		{8A049031-78BC-477A-9D46-BE642271804B}.Release|x86.ActiveCfg = Release|x86
		{8A049031-78BC-477A-9D46-BE642271804B}.Release|x86.Build.0 = Release|x86
		{8A049031-78BC-477A-9D46-BE642271804B}.Release-NET35|Any CPU.ActiveCfg = Release-NET35|x86
		{8A049031-78BC-477A-9D46-BE642271804B}.Release-NET35|Mixed Platforms.ActiveCfg = Release-NET35|x86
		{8A049031-78BC-477A-9D46-BE642271804B}.Release-NET35|Mixed Platforms.Build.0 = Release-NET35|x86
		{8A049031-78BC-477A-9D46-BE642271804B}.Release-NET35|x86.ActiveCfg = Release-NET35|x86
		{8A049031-78BC-477A-9D46-BE642271804B}.Release-NET35|x86.Build.0 = Release-NET35|x86
		{8A049031-78BC-477A-9D46-BE642271804B}.Release-NET40|Any CPU.ActiveCfg = Release-NET40|x86
		{8A049031-78BC-477A-9D46-BE642271804B}.Release-NET40|Mixed Platforms.ActiveCfg = Release-NET40|x86
		{8A049031-78BC-477A-9D46-BE642271804B}.Release-NET40|Mixed Platforms.Build.0 = Release-NET40|x86
		{8A049031-78BC-477A-9D46-BE642271804B}.Release-NET40|x86.ActiveCfg = Release-NET40|x86
		{8A049031-78BC-477A-9D46-BE642271804B}.Release-NET40|x86.Build.0 = Release-NET40|x86
		{BCB42B86-6F9F-47AC-BCA9-29C7CC942D29}.Debug|Any CPU.ActiveCfg = Debug|Any CPU
		{BCB42B86-6F9F-47AC-BCA9-29C7CC942D29}.Debug|Any CPU.Build.0 = Debug|Any CPU
		{BCB42B86-6F9F-47AC-BCA9-29C7CC942D29}.Debug|Mixed Platforms.ActiveCfg = Debug|Any CPU
		{BCB42B86-6F9F-47AC-BCA9-29C7CC942D29}.Debug|Mixed Platforms.Build.0 = Debug|Any CPU
		{BCB42B86-6F9F-47AC-BCA9-29C7CC942D29}.Debug|x86.ActiveCfg = Debug|Any CPU
		{BCB42B86-6F9F-47AC-BCA9-29C7CC942D29}.Debug-NET35|Any CPU.ActiveCfg = Debug-NET35|Any CPU
		{BCB42B86-6F9F-47AC-BCA9-29C7CC942D29}.Debug-NET35|Any CPU.Build.0 = Debug-NET35|Any CPU
		{BCB42B86-6F9F-47AC-BCA9-29C7CC942D29}.Debug-NET35|Mixed Platforms.ActiveCfg = Debug-NET35|Any CPU
		{BCB42B86-6F9F-47AC-BCA9-29C7CC942D29}.Debug-NET35|Mixed Platforms.Build.0 = Debug-NET35|Any CPU
		{BCB42B86-6F9F-47AC-BCA9-29C7CC942D29}.Debug-NET35|x86.ActiveCfg = Debug-NET35|Any CPU
		{BCB42B86-6F9F-47AC-BCA9-29C7CC942D29}.Debug-NET40|Any CPU.ActiveCfg = Debug-NET40|Any CPU
		{BCB42B86-6F9F-47AC-BCA9-29C7CC942D29}.Debug-NET40|Any CPU.Build.0 = Debug-NET40|Any CPU
		{BCB42B86-6F9F-47AC-BCA9-29C7CC942D29}.Debug-NET40|Mixed Platforms.ActiveCfg = Debug-NET40|Any CPU
		{BCB42B86-6F9F-47AC-BCA9-29C7CC942D29}.Debug-NET40|Mixed Platforms.Build.0 = Debug-NET40|Any CPU
		{BCB42B86-6F9F-47AC-BCA9-29C7CC942D29}.Debug-NET40|x86.ActiveCfg = Debug-NET40|Any CPU
		{BCB42B86-6F9F-47AC-BCA9-29C7CC942D29}.Release|Any CPU.ActiveCfg = Release|Any CPU
		{BCB42B86-6F9F-47AC-BCA9-29C7CC942D29}.Release|Any CPU.Build.0 = Release|Any CPU
		{BCB42B86-6F9F-47AC-BCA9-29C7CC942D29}.Release|Mixed Platforms.ActiveCfg = Release|Any CPU
		{BCB42B86-6F9F-47AC-BCA9-29C7CC942D29}.Release|Mixed Platforms.Build.0 = Release|Any CPU
		{BCB42B86-6F9F-47AC-BCA9-29C7CC942D29}.Release|x86.ActiveCfg = Release|Any CPU
		{BCB42B86-6F9F-47AC-BCA9-29C7CC942D29}.Release-NET35|Any CPU.ActiveCfg = Release-NET35|Any CPU
		{BCB42B86-6F9F-47AC-BCA9-29C7CC942D29}.Release-NET35|Any CPU.Build.0 = Release-NET35|Any CPU
		{BCB42B86-6F9F-47AC-BCA9-29C7CC942D29}.Release-NET35|Mixed Platforms.ActiveCfg = Release-NET35|Any CPU
		{BCB42B86-6F9F-47AC-BCA9-29C7CC942D29}.Release-NET35|Mixed Platforms.Build.0 = Release-NET35|Any CPU
		{BCB42B86-6F9F-47AC-BCA9-29C7CC942D29}.Release-NET35|x86.ActiveCfg = Release-NET35|Any CPU
		{BCB42B86-6F9F-47AC-BCA9-29C7CC942D29}.Release-NET40|Any CPU.ActiveCfg = Release-NET40|Any CPU
		{BCB42B86-6F9F-47AC-BCA9-29C7CC942D29}.Release-NET40|Any CPU.Build.0 = Release-NET40|Any CPU
		{BCB42B86-6F9F-47AC-BCA9-29C7CC942D29}.Release-NET40|Mixed Platforms.ActiveCfg = Release-NET40|Any CPU
		{BCB42B86-6F9F-47AC-BCA9-29C7CC942D29}.Release-NET40|Mixed Platforms.Build.0 = Release-NET40|Any CPU
		{BCB42B86-6F9F-47AC-BCA9-29C7CC942D29}.Release-NET40|x86.ActiveCfg = Release-NET40|Any CPU
		{6A9B29CD-944D-4276-BC60-38BA25D412F3}.Debug|Any CPU.ActiveCfg = Debug|Any CPU
		{6A9B29CD-944D-4276-BC60-38BA25D412F3}.Debug|Any CPU.Build.0 = Debug|Any CPU
		{6A9B29CD-944D-4276-BC60-38BA25D412F3}.Debug|Mixed Platforms.ActiveCfg = Debug|Any CPU
		{6A9B29CD-944D-4276-BC60-38BA25D412F3}.Debug|Mixed Platforms.Build.0 = Debug|Any CPU
		{6A9B29CD-944D-4276-BC60-38BA25D412F3}.Debug|x86.ActiveCfg = Debug|Any CPU
		{6A9B29CD-944D-4276-BC60-38BA25D412F3}.Debug-NET35|Any CPU.ActiveCfg = Debug-NET35|Any CPU
		{6A9B29CD-944D-4276-BC60-38BA25D412F3}.Debug-NET35|Any CPU.Build.0 = Debug-NET35|Any CPU
		{6A9B29CD-944D-4276-BC60-38BA25D412F3}.Debug-NET35|Mixed Platforms.ActiveCfg = Debug-NET35|Any CPU
		{6A9B29CD-944D-4276-BC60-38BA25D412F3}.Debug-NET35|Mixed Platforms.Build.0 = Debug-NET35|Any CPU
		{6A9B29CD-944D-4276-BC60-38BA25D412F3}.Debug-NET35|x86.ActiveCfg = Debug-NET35|Any CPU
		{6A9B29CD-944D-4276-BC60-38BA25D412F3}.Debug-NET40|Any CPU.ActiveCfg = Debug-NET40|Any CPU
		{6A9B29CD-944D-4276-BC60-38BA25D412F3}.Debug-NET40|Any CPU.Build.0 = Debug-NET40|Any CPU
		{6A9B29CD-944D-4276-BC60-38BA25D412F3}.Debug-NET40|Mixed Platforms.ActiveCfg = Debug-NET40|Any CPU
		{6A9B29CD-944D-4276-BC60-38BA25D412F3}.Debug-NET40|Mixed Platforms.Build.0 = Debug-NET40|Any CPU
		{6A9B29CD-944D-4276-BC60-38BA25D412F3}.Debug-NET40|x86.ActiveCfg = Debug-NET40|Any CPU
		{6A9B29CD-944D-4276-BC60-38BA25D412F3}.Release|Any CPU.ActiveCfg = Release|Any CPU
		{6A9B29CD-944D-4276-BC60-38BA25D412F3}.Release|Any CPU.Build.0 = Release|Any CPU
		{6A9B29CD-944D-4276-BC60-38BA25D412F3}.Release|Mixed Platforms.ActiveCfg = Release|Any CPU
		{6A9B29CD-944D-4276-BC60-38BA25D412F3}.Release|Mixed Platforms.Build.0 = Release|Any CPU
		{6A9B29CD-944D-4276-BC60-38BA25D412F3}.Release|x86.ActiveCfg = Release|Any CPU
		{6A9B29CD-944D-4276-BC60-38BA25D412F3}.Release-NET35|Any CPU.ActiveCfg = Release-NET35|Any CPU
		{6A9B29CD-944D-4276-BC60-38BA25D412F3}.Release-NET35|Any CPU.Build.0 = Release-NET35|Any CPU
		{6A9B29CD-944D-4276-BC60-38BA25D412F3}.Release-NET35|Mixed Platforms.ActiveCfg = Release-NET35|Any CPU
		{6A9B29CD-944D-4276-BC60-38BA25D412F3}.Release-NET35|Mixed Platforms.Build.0 = Release-NET35|Any CPU
		{6A9B29CD-944D-4276-BC60-38BA25D412F3}.Release-NET35|x86.ActiveCfg = Release-NET35|Any CPU
		{6A9B29CD-944D-4276-BC60-38BA25D412F3}.Release-NET40|Any CPU.ActiveCfg = Release-NET40|Any CPU
		{6A9B29CD-944D-4276-BC60-38BA25D412F3}.Release-NET40|Any CPU.Build.0 = Release-NET40|Any CPU
		{6A9B29CD-944D-4276-BC60-38BA25D412F3}.Release-NET40|Mixed Platforms.ActiveCfg = Release-NET40|Any CPU
		{6A9B29CD-944D-4276-BC60-38BA25D412F3}.Release-NET40|Mixed Platforms.Build.0 = Release-NET40|Any CPU
		{6A9B29CD-944D-4276-BC60-38BA25D412F3}.Release-NET40|x86.ActiveCfg = Release-NET40|Any CPU
		{AE5C6DB0-3759-4674-AE7A-9EFCF8680DF2}.Debug|Any CPU.ActiveCfg = Debug|x86
		{AE5C6DB0-3759-4674-AE7A-9EFCF8680DF2}.Debug|Mixed Platforms.ActiveCfg = Debug|x86
		{AE5C6DB0-3759-4674-AE7A-9EFCF8680DF2}.Debug|Mixed Platforms.Build.0 = Debug|x86
		{AE5C6DB0-3759-4674-AE7A-9EFCF8680DF2}.Debug|x86.ActiveCfg = Debug|x86
		{AE5C6DB0-3759-4674-AE7A-9EFCF8680DF2}.Debug|x86.Build.0 = Debug|x86
		{AE5C6DB0-3759-4674-AE7A-9EFCF8680DF2}.Debug-NET35|Any CPU.ActiveCfg = Debug-NET35|x86
		{AE5C6DB0-3759-4674-AE7A-9EFCF8680DF2}.Debug-NET35|Mixed Platforms.ActiveCfg = Debug-NET35|x86
		{AE5C6DB0-3759-4674-AE7A-9EFCF8680DF2}.Debug-NET35|Mixed Platforms.Build.0 = Debug-NET35|x86
		{AE5C6DB0-3759-4674-AE7A-9EFCF8680DF2}.Debug-NET35|x86.ActiveCfg = Debug-NET35|x86
		{AE5C6DB0-3759-4674-AE7A-9EFCF8680DF2}.Debug-NET35|x86.Build.0 = Debug-NET35|x86
		{AE5C6DB0-3759-4674-AE7A-9EFCF8680DF2}.Debug-NET40|Any CPU.ActiveCfg = Debug-NET40|x86
		{AE5C6DB0-3759-4674-AE7A-9EFCF8680DF2}.Debug-NET40|Mixed Platforms.ActiveCfg = Debug-NET40|x86
		{AE5C6DB0-3759-4674-AE7A-9EFCF8680DF2}.Debug-NET40|Mixed Platforms.Build.0 = Debug-NET40|x86
		{AE5C6DB0-3759-4674-AE7A-9EFCF8680DF2}.Debug-NET40|x86.ActiveCfg = Debug-NET40|x86
		{AE5C6DB0-3759-4674-AE7A-9EFCF8680DF2}.Debug-NET40|x86.Build.0 = Debug-NET40|x86
		{AE5C6DB0-3759-4674-AE7A-9EFCF8680DF2}.Release|Any CPU.ActiveCfg = Release|x86
		{AE5C6DB0-3759-4674-AE7A-9EFCF8680DF2}.Release|Mixed Platforms.ActiveCfg = Release|x86
		{AE5C6DB0-3759-4674-AE7A-9EFCF8680DF2}.Release|Mixed Platforms.Build.0 = Release|x86
		{AE5C6DB0-3759-4674-AE7A-9EFCF8680DF2}.Release|x86.ActiveCfg = Release|x86
		{AE5C6DB0-3759-4674-AE7A-9EFCF8680DF2}.Release|x86.Build.0 = Release|x86
		{AE5C6DB0-3759-4674-AE7A-9EFCF8680DF2}.Release-NET35|Any CPU.ActiveCfg = Release-NET35|x86
		{AE5C6DB0-3759-4674-AE7A-9EFCF8680DF2}.Release-NET35|Mixed Platforms.ActiveCfg = Release-NET35|x86
		{AE5C6DB0-3759-4674-AE7A-9EFCF8680DF2}.Release-NET35|Mixed Platforms.Build.0 = Release-NET35|x86
		{AE5C6DB0-3759-4674-AE7A-9EFCF8680DF2}.Release-NET35|x86.ActiveCfg = Release-NET35|x86
		{AE5C6DB0-3759-4674-AE7A-9EFCF8680DF2}.Release-NET35|x86.Build.0 = Release-NET35|x86
		{AE5C6DB0-3759-4674-AE7A-9EFCF8680DF2}.Release-NET40|Any CPU.ActiveCfg = Release-NET40|x86
		{AE5C6DB0-3759-4674-AE7A-9EFCF8680DF2}.Release-NET40|Mixed Platforms.ActiveCfg = Release-NET40|x86
		{AE5C6DB0-3759-4674-AE7A-9EFCF8680DF2}.Release-NET40|Mixed Platforms.Build.0 = Release-NET40|x86
		{AE5C6DB0-3759-4674-AE7A-9EFCF8680DF2}.Release-NET40|x86.ActiveCfg = Release-NET40|x86
		{AE5C6DB0-3759-4674-AE7A-9EFCF8680DF2}.Release-NET40|x86.Build.0 = Release-NET40|x86
		{7472E7D3-E5BA-4433-B166-9A536A0E1E40}.Debug|Any CPU.ActiveCfg = Debug|x86
		{7472E7D3-E5BA-4433-B166-9A536A0E1E40}.Debug|Mixed Platforms.ActiveCfg = Debug|x86
		{7472E7D3-E5BA-4433-B166-9A536A0E1E40}.Debug|Mixed Platforms.Build.0 = Debug|x86
		{7472E7D3-E5BA-4433-B166-9A536A0E1E40}.Debug|x86.ActiveCfg = Debug|x86
		{7472E7D3-E5BA-4433-B166-9A536A0E1E40}.Debug|x86.Build.0 = Debug|x86
		{7472E7D3-E5BA-4433-B166-9A536A0E1E40}.Debug-NET35|Any CPU.ActiveCfg = Debug-NET35|x86
		{7472E7D3-E5BA-4433-B166-9A536A0E1E40}.Debug-NET35|Mixed Platforms.ActiveCfg = Debug-NET35|x86
		{7472E7D3-E5BA-4433-B166-9A536A0E1E40}.Debug-NET35|Mixed Platforms.Build.0 = Debug-NET35|x86
		{7472E7D3-E5BA-4433-B166-9A536A0E1E40}.Debug-NET35|x86.ActiveCfg = Debug-NET35|x86
		{7472E7D3-E5BA-4433-B166-9A536A0E1E40}.Debug-NET35|x86.Build.0 = Debug-NET35|x86
		{7472E7D3-E5BA-4433-B166-9A536A0E1E40}.Debug-NET40|Any CPU.ActiveCfg = Debug-NET40|x86
		{7472E7D3-E5BA-4433-B166-9A536A0E1E40}.Debug-NET40|Mixed Platforms.ActiveCfg = Debug-NET40|x86
		{7472E7D3-E5BA-4433-B166-9A536A0E1E40}.Debug-NET40|Mixed Platforms.Build.0 = Debug-NET40|x86
		{7472E7D3-E5BA-4433-B166-9A536A0E1E40}.Debug-NET40|x86.ActiveCfg = Debug-NET40|x86
		{7472E7D3-E5BA-4433-B166-9A536A0E1E40}.Debug-NET40|x86.Build.0 = Debug-NET40|x86
		{7472E7D3-E5BA-4433-B166-9A536A0E1E40}.Release|Any CPU.ActiveCfg = Release|x86
		{7472E7D3-E5BA-4433-B166-9A536A0E1E40}.Release|Mixed Platforms.ActiveCfg = Release|x86
		{7472E7D3-E5BA-4433-B166-9A536A0E1E40}.Release|Mixed Platforms.Build.0 = Release|x86
		{7472E7D3-E5BA-4433-B166-9A536A0E1E40}.Release|x86.ActiveCfg = Release|x86
		{7472E7D3-E5BA-4433-B166-9A536A0E1E40}.Release|x86.Build.0 = Release|x86
		{7472E7D3-E5BA-4433-B166-9A536A0E1E40}.Release-NET35|Any CPU.ActiveCfg = Release-NET35|x86
		{7472E7D3-E5BA-4433-B166-9A536A0E1E40}.Release-NET35|Mixed Platforms.ActiveCfg = Release-NET35|x86
		{7472E7D3-E5BA-4433-B166-9A536A0E1E40}.Release-NET35|Mixed Platforms.Build.0 = Release-NET35|x86
		{7472E7D3-E5BA-4433-B166-9A536A0E1E40}.Release-NET35|x86.ActiveCfg = Release-NET35|x86
		{7472E7D3-E5BA-4433-B166-9A536A0E1E40}.Release-NET35|x86.Build.0 = Release-NET35|x86
		{7472E7D3-E5BA-4433-B166-9A536A0E1E40}.Release-NET40|Any CPU.ActiveCfg = Release-NET40|x86
		{7472E7D3-E5BA-4433-B166-9A536A0E1E40}.Release-NET40|Mixed Platforms.ActiveCfg = Release-NET40|x86
		{7472E7D3-E5BA-4433-B166-9A536A0E1E40}.Release-NET40|Mixed Platforms.Build.0 = Release-NET40|x86
		{7472E7D3-E5BA-4433-B166-9A536A0E1E40}.Release-NET40|x86.ActiveCfg = Release-NET40|x86
		{7472E7D3-E5BA-4433-B166-9A536A0E1E40}.Release-NET40|x86.Build.0 = Release-NET40|x86
		{26349917-F7F6-4B26-830E-489834273158}.Debug|Any CPU.ActiveCfg = Debug|Any CPU
		{26349917-F7F6-4B26-830E-489834273158}.Debug|Any CPU.Build.0 = Debug|Any CPU
		{26349917-F7F6-4B26-830E-489834273158}.Debug|Mixed Platforms.ActiveCfg = Debug|Any CPU
		{26349917-F7F6-4B26-830E-489834273158}.Debug|Mixed Platforms.Build.0 = Debug|Any CPU
		{26349917-F7F6-4B26-830E-489834273158}.Debug|x86.ActiveCfg = Debug|Any CPU
		{26349917-F7F6-4B26-830E-489834273158}.Debug-NET35|Any CPU.ActiveCfg = Debug-NET35|Any CPU
		{26349917-F7F6-4B26-830E-489834273158}.Debug-NET35|Any CPU.Build.0 = Debug-NET35|Any CPU
		{26349917-F7F6-4B26-830E-489834273158}.Debug-NET35|Mixed Platforms.ActiveCfg = Debug-NET35|Any CPU
		{26349917-F7F6-4B26-830E-489834273158}.Debug-NET35|Mixed Platforms.Build.0 = Debug-NET35|Any CPU
		{26349917-F7F6-4B26-830E-489834273158}.Debug-NET35|x86.ActiveCfg = Debug-NET35|Any CPU
		{26349917-F7F6-4B26-830E-489834273158}.Debug-NET40|Any CPU.ActiveCfg = Debug-NET40|Any CPU
		{26349917-F7F6-4B26-830E-489834273158}.Debug-NET40|Any CPU.Build.0 = Debug-NET40|Any CPU
		{26349917-F7F6-4B26-830E-489834273158}.Debug-NET40|Mixed Platforms.ActiveCfg = Debug-NET40|Any CPU
		{26349917-F7F6-4B26-830E-489834273158}.Debug-NET40|Mixed Platforms.Build.0 = Debug-NET40|Any CPU
		{26349917-F7F6-4B26-830E-489834273158}.Debug-NET40|x86.ActiveCfg = Debug-NET40|Any CPU
		{26349917-F7F6-4B26-830E-489834273158}.Release|Any CPU.ActiveCfg = Release|Any CPU
		{26349917-F7F6-4B26-830E-489834273158}.Release|Any CPU.Build.0 = Release|Any CPU
		{26349917-F7F6-4B26-830E-489834273158}.Release|Mixed Platforms.ActiveCfg = Release|Any CPU
		{26349917-F7F6-4B26-830E-489834273158}.Release|Mixed Platforms.Build.0 = Release|Any CPU
		{26349917-F7F6-4B26-830E-489834273158}.Release|x86.ActiveCfg = Release|Any CPU
		{26349917-F7F6-4B26-830E-489834273158}.Release-NET35|Any CPU.ActiveCfg = Release-NET35|Any CPU
		{26349917-F7F6-4B26-830E-489834273158}.Release-NET35|Any CPU.Build.0 = Release-NET35|Any CPU
		{26349917-F7F6-4B26-830E-489834273158}.Release-NET35|Mixed Platforms.ActiveCfg = Release-NET35|Any CPU
		{26349917-F7F6-4B26-830E-489834273158}.Release-NET35|Mixed Platforms.Build.0 = Release-NET35|Any CPU
		{26349917-F7F6-4B26-830E-489834273158}.Release-NET35|x86.ActiveCfg = Release-NET35|Any CPU
		{26349917-F7F6-4B26-830E-489834273158}.Release-NET40|Any CPU.ActiveCfg = Release-NET40|Any CPU
		{26349917-F7F6-4B26-830E-489834273158}.Release-NET40|Any CPU.Build.0 = Release-NET40|Any CPU
		{26349917-F7F6-4B26-830E-489834273158}.Release-NET40|Mixed Platforms.ActiveCfg = Release-NET40|Any CPU
		{26349917-F7F6-4B26-830E-489834273158}.Release-NET40|Mixed Platforms.Build.0 = Release-NET40|Any CPU
		{26349917-F7F6-4B26-830E-489834273158}.Release-NET40|x86.ActiveCfg = Release-NET40|Any CPU
		{C889502C-016A-4F44-9731-145E6EC71820}.Debug|Any CPU.ActiveCfg = Debug-NET40|Any CPU
		{C889502C-016A-4F44-9731-145E6EC71820}.Debug|Any CPU.Build.0 = Debug-NET40|Any CPU
		{C889502C-016A-4F44-9731-145E6EC71820}.Debug|Mixed Platforms.ActiveCfg = Debug-NET40|Any CPU
		{C889502C-016A-4F44-9731-145E6EC71820}.Debug|Mixed Platforms.Build.0 = Debug-NET40|Any CPU
		{C889502C-016A-4F44-9731-145E6EC71820}.Debug|x86.ActiveCfg = Debug-NET40|Any CPU
		{C889502C-016A-4F44-9731-145E6EC71820}.Debug-NET35|Any CPU.ActiveCfg = Debug-NET40|Any CPU
		{C889502C-016A-4F44-9731-145E6EC71820}.Debug-NET35|Any CPU.Build.0 = Debug-NET40|Any CPU
		{C889502C-016A-4F44-9731-145E6EC71820}.Debug-NET35|Mixed Platforms.ActiveCfg = Release-NET40|Any CPU
		{C889502C-016A-4F44-9731-145E6EC71820}.Debug-NET35|Mixed Platforms.Build.0 = Release-NET40|Any CPU
		{C889502C-016A-4F44-9731-145E6EC71820}.Debug-NET35|x86.ActiveCfg = Debug-NET40|Any CPU
		{C889502C-016A-4F44-9731-145E6EC71820}.Debug-NET40|Any CPU.ActiveCfg = Debug-NET40|Any CPU
		{C889502C-016A-4F44-9731-145E6EC71820}.Debug-NET40|Any CPU.Build.0 = Debug-NET40|Any CPU
		{C889502C-016A-4F44-9731-145E6EC71820}.Debug-NET40|Mixed Platforms.ActiveCfg = Debug-NET40|Any CPU
		{C889502C-016A-4F44-9731-145E6EC71820}.Debug-NET40|Mixed Platforms.Build.0 = Debug-NET40|Any CPU
		{C889502C-016A-4F44-9731-145E6EC71820}.Debug-NET40|x86.ActiveCfg = Debug-NET40|Any CPU
		{C889502C-016A-4F44-9731-145E6EC71820}.Release|Any CPU.ActiveCfg = Release-NET40|Any CPU
		{C889502C-016A-4F44-9731-145E6EC71820}.Release|Any CPU.Build.0 = Release-NET40|Any CPU
		{C889502C-016A-4F44-9731-145E6EC71820}.Release|Mixed Platforms.ActiveCfg = Release-NET40|Any CPU
		{C889502C-016A-4F44-9731-145E6EC71820}.Release|Mixed Platforms.Build.0 = Release-NET40|Any CPU
		{C889502C-016A-4F44-9731-145E6EC71820}.Release|x86.ActiveCfg = Release-NET40|Any CPU
		{C889502C-016A-4F44-9731-145E6EC71820}.Release-NET35|Any CPU.ActiveCfg = Release-NET40|Any CPU
		{C889502C-016A-4F44-9731-145E6EC71820}.Release-NET35|Any CPU.Build.0 = Release-NET40|Any CPU
		{C889502C-016A-4F44-9731-145E6EC71820}.Release-NET35|Mixed Platforms.ActiveCfg = Release-NET40|Any CPU
		{C889502C-016A-4F44-9731-145E6EC71820}.Release-NET35|Mixed Platforms.Build.0 = Release-NET40|Any CPU
		{C889502C-016A-4F44-9731-145E6EC71820}.Release-NET35|x86.ActiveCfg = Release-NET40|Any CPU
		{C889502C-016A-4F44-9731-145E6EC71820}.Release-NET40|Any CPU.ActiveCfg = Release-NET40|Any CPU
		{C889502C-016A-4F44-9731-145E6EC71820}.Release-NET40|Any CPU.Build.0 = Release-NET40|Any CPU
		{C889502C-016A-4F44-9731-145E6EC71820}.Release-NET40|Mixed Platforms.ActiveCfg = Release-NET40|Any CPU
		{C889502C-016A-4F44-9731-145E6EC71820}.Release-NET40|Mixed Platforms.Build.0 = Release-NET40|Any CPU
		{C889502C-016A-4F44-9731-145E6EC71820}.Release-NET40|x86.ActiveCfg = Release-NET40|Any CPU
		{308E56CC-463B-4CB4-AE6E-BFAE92372F7A}.Debug|Any CPU.ActiveCfg = Debug|Any CPU
		{308E56CC-463B-4CB4-AE6E-BFAE92372F7A}.Debug|Any CPU.Build.0 = Debug|Any CPU
		{308E56CC-463B-4CB4-AE6E-BFAE92372F7A}.Debug|Mixed Platforms.ActiveCfg = Debug|Any CPU
		{308E56CC-463B-4CB4-AE6E-BFAE92372F7A}.Debug|Mixed Platforms.Build.0 = Debug|Any CPU
		{308E56CC-463B-4CB4-AE6E-BFAE92372F7A}.Debug|x86.ActiveCfg = Debug|Any CPU
		{308E56CC-463B-4CB4-AE6E-BFAE92372F7A}.Debug-NET35|Any CPU.ActiveCfg = Debug-NET35|Any CPU
		{308E56CC-463B-4CB4-AE6E-BFAE92372F7A}.Debug-NET35|Any CPU.Build.0 = Debug-NET35|Any CPU
		{308E56CC-463B-4CB4-AE6E-BFAE92372F7A}.Debug-NET35|Mixed Platforms.ActiveCfg = Debug-NET35|Any CPU
		{308E56CC-463B-4CB4-AE6E-BFAE92372F7A}.Debug-NET35|Mixed Platforms.Build.0 = Debug-NET35|Any CPU
		{308E56CC-463B-4CB4-AE6E-BFAE92372F7A}.Debug-NET35|x86.ActiveCfg = Debug-NET35|Any CPU
		{308E56CC-463B-4CB4-AE6E-BFAE92372F7A}.Debug-NET40|Any CPU.ActiveCfg = Debug-NET40|Any CPU
		{308E56CC-463B-4CB4-AE6E-BFAE92372F7A}.Debug-NET40|Any CPU.Build.0 = Debug-NET40|Any CPU
		{308E56CC-463B-4CB4-AE6E-BFAE92372F7A}.Debug-NET40|Mixed Platforms.ActiveCfg = Debug-NET40|Any CPU
		{308E56CC-463B-4CB4-AE6E-BFAE92372F7A}.Debug-NET40|Mixed Platforms.Build.0 = Debug-NET40|Any CPU
		{308E56CC-463B-4CB4-AE6E-BFAE92372F7A}.Debug-NET40|x86.ActiveCfg = Debug-NET40|Any CPU
		{308E56CC-463B-4CB4-AE6E-BFAE92372F7A}.Release|Any CPU.ActiveCfg = Release|Any CPU
		{308E56CC-463B-4CB4-AE6E-BFAE92372F7A}.Release|Any CPU.Build.0 = Release|Any CPU
		{308E56CC-463B-4CB4-AE6E-BFAE92372F7A}.Release|Mixed Platforms.ActiveCfg = Release|Any CPU
		{308E56CC-463B-4CB4-AE6E-BFAE92372F7A}.Release|Mixed Platforms.Build.0 = Release|Any CPU
		{308E56CC-463B-4CB4-AE6E-BFAE92372F7A}.Release|x86.ActiveCfg = Release|Any CPU
		{308E56CC-463B-4CB4-AE6E-BFAE92372F7A}.Release-NET35|Any CPU.ActiveCfg = Release-NET35|Any CPU
		{308E56CC-463B-4CB4-AE6E-BFAE92372F7A}.Release-NET35|Any CPU.Build.0 = Release-NET35|Any CPU
		{308E56CC-463B-4CB4-AE6E-BFAE92372F7A}.Release-NET35|Mixed Platforms.ActiveCfg = Release-NET35|Any CPU
		{308E56CC-463B-4CB4-AE6E-BFAE92372F7A}.Release-NET35|Mixed Platforms.Build.0 = Release-NET35|Any CPU
		{308E56CC-463B-4CB4-AE6E-BFAE92372F7A}.Release-NET35|x86.ActiveCfg = Release-NET35|Any CPU
		{308E56CC-463B-4CB4-AE6E-BFAE92372F7A}.Release-NET40|Any CPU.ActiveCfg = Release-NET40|Any CPU
		{308E56CC-463B-4CB4-AE6E-BFAE92372F7A}.Release-NET40|Any CPU.Build.0 = Release-NET40|Any CPU
		{308E56CC-463B-4CB4-AE6E-BFAE92372F7A}.Release-NET40|Mixed Platforms.ActiveCfg = Release-NET40|Any CPU
		{308E56CC-463B-4CB4-AE6E-BFAE92372F7A}.Release-NET40|Mixed Platforms.Build.0 = Release-NET40|Any CPU
		{308E56CC-463B-4CB4-AE6E-BFAE92372F7A}.Release-NET40|x86.ActiveCfg = Release-NET40|Any CPU
		{915C255D-FEC2-4940-815E-DCF49AFBEF73}.Debug|Any CPU.ActiveCfg = Debug|Any CPU
		{915C255D-FEC2-4940-815E-DCF49AFBEF73}.Debug|Any CPU.Build.0 = Debug|Any CPU
		{915C255D-FEC2-4940-815E-DCF49AFBEF73}.Debug|Mixed Platforms.ActiveCfg = Debug|Any CPU
		{915C255D-FEC2-4940-815E-DCF49AFBEF73}.Debug|Mixed Platforms.Build.0 = Debug|Any CPU
		{915C255D-FEC2-4940-815E-DCF49AFBEF73}.Debug|x86.ActiveCfg = Debug|Any CPU
		{915C255D-FEC2-4940-815E-DCF49AFBEF73}.Debug-NET35|Any CPU.ActiveCfg = Debug-NET35|Any CPU
		{915C255D-FEC2-4940-815E-DCF49AFBEF73}.Debug-NET35|Any CPU.Build.0 = Debug-NET35|Any CPU
		{915C255D-FEC2-4940-815E-DCF49AFBEF73}.Debug-NET35|Mixed Platforms.ActiveCfg = Debug-NET35|Any CPU
		{915C255D-FEC2-4940-815E-DCF49AFBEF73}.Debug-NET35|Mixed Platforms.Build.0 = Debug-NET35|Any CPU
		{915C255D-FEC2-4940-815E-DCF49AFBEF73}.Debug-NET35|x86.ActiveCfg = Debug-NET35|Any CPU
		{915C255D-FEC2-4940-815E-DCF49AFBEF73}.Debug-NET40|Any CPU.ActiveCfg = Debug-NET40|Any CPU
		{915C255D-FEC2-4940-815E-DCF49AFBEF73}.Debug-NET40|Any CPU.Build.0 = Debug-NET40|Any CPU
		{915C255D-FEC2-4940-815E-DCF49AFBEF73}.Debug-NET40|Mixed Platforms.ActiveCfg = Debug-NET40|Any CPU
		{915C255D-FEC2-4940-815E-DCF49AFBEF73}.Debug-NET40|Mixed Platforms.Build.0 = Debug-NET40|Any CPU
		{915C255D-FEC2-4940-815E-DCF49AFBEF73}.Debug-NET40|x86.ActiveCfg = Debug-NET40|Any CPU
		{915C255D-FEC2-4940-815E-DCF49AFBEF73}.Release|Any CPU.ActiveCfg = Release|Any CPU
		{915C255D-FEC2-4940-815E-DCF49AFBEF73}.Release|Any CPU.Build.0 = Release|Any CPU
		{915C255D-FEC2-4940-815E-DCF49AFBEF73}.Release|Mixed Platforms.ActiveCfg = Release|Any CPU
		{915C255D-FEC2-4940-815E-DCF49AFBEF73}.Release|Mixed Platforms.Build.0 = Release|Any CPU
		{915C255D-FEC2-4940-815E-DCF49AFBEF73}.Release|x86.ActiveCfg = Release|Any CPU
		{915C255D-FEC2-4940-815E-DCF49AFBEF73}.Release-NET35|Any CPU.ActiveCfg = Release-NET35|Any CPU
		{915C255D-FEC2-4940-815E-DCF49AFBEF73}.Release-NET35|Any CPU.Build.0 = Release-NET35|Any CPU
		{915C255D-FEC2-4940-815E-DCF49AFBEF73}.Release-NET35|Mixed Platforms.ActiveCfg = Release-NET35|Any CPU
		{915C255D-FEC2-4940-815E-DCF49AFBEF73}.Release-NET35|Mixed Platforms.Build.0 = Release-NET35|Any CPU
		{915C255D-FEC2-4940-815E-DCF49AFBEF73}.Release-NET35|x86.ActiveCfg = Release-NET35|Any CPU
		{915C255D-FEC2-4940-815E-DCF49AFBEF73}.Release-NET40|Any CPU.ActiveCfg = Release-NET40|Any CPU
		{915C255D-FEC2-4940-815E-DCF49AFBEF73}.Release-NET40|Any CPU.Build.0 = Release-NET40|Any CPU
		{915C255D-FEC2-4940-815E-DCF49AFBEF73}.Release-NET40|Mixed Platforms.ActiveCfg = Release-NET40|Any CPU
		{915C255D-FEC2-4940-815E-DCF49AFBEF73}.Release-NET40|Mixed Platforms.Build.0 = Release-NET40|Any CPU
		{915C255D-FEC2-4940-815E-DCF49AFBEF73}.Release-NET40|x86.ActiveCfg = Release-NET40|Any CPU
		{1D75E5A0-8175-41A5-9F78-8CB66985D8CD}.Debug|Any CPU.ActiveCfg = Debug|x86
		{1D75E5A0-8175-41A5-9F78-8CB66985D8CD}.Debug|Mixed Platforms.ActiveCfg = Debug|x86
		{1D75E5A0-8175-41A5-9F78-8CB66985D8CD}.Debug|Mixed Platforms.Build.0 = Debug|x86
		{1D75E5A0-8175-41A5-9F78-8CB66985D8CD}.Debug|x86.ActiveCfg = Debug|x86
		{1D75E5A0-8175-41A5-9F78-8CB66985D8CD}.Debug|x86.Build.0 = Debug|x86
		{1D75E5A0-8175-41A5-9F78-8CB66985D8CD}.Debug-NET35|Any CPU.ActiveCfg = Debug-NET35|x86
		{1D75E5A0-8175-41A5-9F78-8CB66985D8CD}.Debug-NET35|Mixed Platforms.ActiveCfg = Debug-NET35|x86
		{1D75E5A0-8175-41A5-9F78-8CB66985D8CD}.Debug-NET35|Mixed Platforms.Build.0 = Debug-NET35|x86
		{1D75E5A0-8175-41A5-9F78-8CB66985D8CD}.Debug-NET35|x86.ActiveCfg = Debug-NET35|x86
		{1D75E5A0-8175-41A5-9F78-8CB66985D8CD}.Debug-NET35|x86.Build.0 = Debug-NET35|x86
		{1D75E5A0-8175-41A5-9F78-8CB66985D8CD}.Debug-NET40|Any CPU.ActiveCfg = Debug-NET40|x86
		{1D75E5A0-8175-41A5-9F78-8CB66985D8CD}.Debug-NET40|Mixed Platforms.ActiveCfg = Debug-NET40|x86
		{1D75E5A0-8175-41A5-9F78-8CB66985D8CD}.Debug-NET40|Mixed Platforms.Build.0 = Debug-NET40|x86
		{1D75E5A0-8175-41A5-9F78-8CB66985D8CD}.Debug-NET40|x86.ActiveCfg = Debug-NET40|x86
		{1D75E5A0-8175-41A5-9F78-8CB66985D8CD}.Debug-NET40|x86.Build.0 = Debug-NET40|x86
		{1D75E5A0-8175-41A5-9F78-8CB66985D8CD}.Release|Any CPU.ActiveCfg = Release|x86
		{1D75E5A0-8175-41A5-9F78-8CB66985D8CD}.Release|Mixed Platforms.ActiveCfg = Release|x86
		{1D75E5A0-8175-41A5-9F78-8CB66985D8CD}.Release|Mixed Platforms.Build.0 = Release|x86
		{1D75E5A0-8175-41A5-9F78-8CB66985D8CD}.Release|x86.ActiveCfg = Release|x86
		{1D75E5A0-8175-41A5-9F78-8CB66985D8CD}.Release|x86.Build.0 = Release|x86
		{1D75E5A0-8175-41A5-9F78-8CB66985D8CD}.Release-NET35|Any CPU.ActiveCfg = Release-NET35|x86
		{1D75E5A0-8175-41A5-9F78-8CB66985D8CD}.Release-NET35|Mixed Platforms.ActiveCfg = Release-NET35|x86
		{1D75E5A0-8175-41A5-9F78-8CB66985D8CD}.Release-NET35|Mixed Platforms.Build.0 = Release-NET35|x86
		{1D75E5A0-8175-41A5-9F78-8CB66985D8CD}.Release-NET35|x86.ActiveCfg = Release-NET35|x86
		{1D75E5A0-8175-41A5-9F78-8CB66985D8CD}.Release-NET35|x86.Build.0 = Release-NET35|x86
		{1D75E5A0-8175-41A5-9F78-8CB66985D8CD}.Release-NET40|Any CPU.ActiveCfg = Release-NET40|x86
		{1D75E5A0-8175-41A5-9F78-8CB66985D8CD}.Release-NET40|Mixed Platforms.ActiveCfg = Release-NET40|x86
		{1D75E5A0-8175-41A5-9F78-8CB66985D8CD}.Release-NET40|Mixed Platforms.Build.0 = Release-NET40|x86
		{1D75E5A0-8175-41A5-9F78-8CB66985D8CD}.Release-NET40|x86.ActiveCfg = Release-NET40|x86
		{1D75E5A0-8175-41A5-9F78-8CB66985D8CD}.Release-NET40|x86.Build.0 = Release-NET40|x86
		{872F2B33-72D7-4DE1-9580-D2145C323895}.Debug|Any CPU.ActiveCfg = Debug|x86
		{872F2B33-72D7-4DE1-9580-D2145C323895}.Debug|Mixed Platforms.ActiveCfg = Debug|x86
		{872F2B33-72D7-4DE1-9580-D2145C323895}.Debug|Mixed Platforms.Build.0 = Debug|x86
		{872F2B33-72D7-4DE1-9580-D2145C323895}.Debug|x86.ActiveCfg = Debug|x86
		{872F2B33-72D7-4DE1-9580-D2145C323895}.Debug|x86.Build.0 = Debug|x86
		{872F2B33-72D7-4DE1-9580-D2145C323895}.Debug-NET35|Any CPU.ActiveCfg = Debug-NET35|x86
		{872F2B33-72D7-4DE1-9580-D2145C323895}.Debug-NET35|Mixed Platforms.ActiveCfg = Debug-NET35|x86
		{872F2B33-72D7-4DE1-9580-D2145C323895}.Debug-NET35|Mixed Platforms.Build.0 = Debug-NET35|x86
		{872F2B33-72D7-4DE1-9580-D2145C323895}.Debug-NET35|x86.ActiveCfg = Debug-NET35|x86
		{872F2B33-72D7-4DE1-9580-D2145C323895}.Debug-NET35|x86.Build.0 = Debug-NET35|x86
		{872F2B33-72D7-4DE1-9580-D2145C323895}.Debug-NET40|Any CPU.ActiveCfg = Debug-NET40|x86
		{872F2B33-72D7-4DE1-9580-D2145C323895}.Debug-NET40|Mixed Platforms.ActiveCfg = Debug-NET40|x86
		{872F2B33-72D7-4DE1-9580-D2145C323895}.Debug-NET40|Mixed Platforms.Build.0 = Debug-NET40|x86
		{872F2B33-72D7-4DE1-9580-D2145C323895}.Debug-NET40|x86.ActiveCfg = Debug-NET40|x86
		{872F2B33-72D7-4DE1-9580-D2145C323895}.Debug-NET40|x86.Build.0 = Debug-NET40|x86
		{872F2B33-72D7-4DE1-9580-D2145C323895}.Release|Any CPU.ActiveCfg = Release|x86
		{872F2B33-72D7-4DE1-9580-D2145C323895}.Release|Mixed Platforms.ActiveCfg = Release|x86
		{872F2B33-72D7-4DE1-9580-D2145C323895}.Release|Mixed Platforms.Build.0 = Release|x86
		{872F2B33-72D7-4DE1-9580-D2145C323895}.Release|x86.ActiveCfg = Release|x86
		{872F2B33-72D7-4DE1-9580-D2145C323895}.Release|x86.Build.0 = Release|x86
		{872F2B33-72D7-4DE1-9580-D2145C323895}.Release-NET35|Any CPU.ActiveCfg = Release-NET35|x86
		{872F2B33-72D7-4DE1-9580-D2145C323895}.Release-NET35|Mixed Platforms.ActiveCfg = Release-NET35|x86
		{872F2B33-72D7-4DE1-9580-D2145C323895}.Release-NET35|Mixed Platforms.Build.0 = Release-NET35|x86
		{872F2B33-72D7-4DE1-9580-D2145C323895}.Release-NET35|x86.ActiveCfg = Release-NET35|x86
		{872F2B33-72D7-4DE1-9580-D2145C323895}.Release-NET35|x86.Build.0 = Release-NET35|x86
		{872F2B33-72D7-4DE1-9580-D2145C323895}.Release-NET40|Any CPU.ActiveCfg = Release-NET40|x86
		{872F2B33-72D7-4DE1-9580-D2145C323895}.Release-NET40|Mixed Platforms.ActiveCfg = Release-NET40|x86
		{872F2B33-72D7-4DE1-9580-D2145C323895}.Release-NET40|Mixed Platforms.Build.0 = Release-NET40|x86
		{872F2B33-72D7-4DE1-9580-D2145C323895}.Release-NET40|x86.ActiveCfg = Release-NET40|x86
		{872F2B33-72D7-4DE1-9580-D2145C323895}.Release-NET40|x86.Build.0 = Release-NET40|x86
		{79A80992-BED3-4DED-9536-8D1808DFC79C}.Debug|Any CPU.ActiveCfg = Debug|Any CPU
		{79A80992-BED3-4DED-9536-8D1808DFC79C}.Debug|Any CPU.Build.0 = Debug|Any CPU
		{79A80992-BED3-4DED-9536-8D1808DFC79C}.Debug|Mixed Platforms.ActiveCfg = Debug|Any CPU
		{79A80992-BED3-4DED-9536-8D1808DFC79C}.Debug|Mixed Platforms.Build.0 = Debug|Any CPU
		{79A80992-BED3-4DED-9536-8D1808DFC79C}.Debug|x86.ActiveCfg = Debug|Any CPU
		{79A80992-BED3-4DED-9536-8D1808DFC79C}.Debug-NET35|Any CPU.ActiveCfg = Debug-NET35|Any CPU
		{79A80992-BED3-4DED-9536-8D1808DFC79C}.Debug-NET35|Any CPU.Build.0 = Debug-NET35|Any CPU
		{79A80992-BED3-4DED-9536-8D1808DFC79C}.Debug-NET35|Mixed Platforms.ActiveCfg = Debug-NET35|Any CPU
		{79A80992-BED3-4DED-9536-8D1808DFC79C}.Debug-NET35|Mixed Platforms.Build.0 = Debug-NET35|Any CPU
		{79A80992-BED3-4DED-9536-8D1808DFC79C}.Debug-NET35|x86.ActiveCfg = Debug-NET35|Any CPU
		{79A80992-BED3-4DED-9536-8D1808DFC79C}.Debug-NET40|Any CPU.ActiveCfg = Debug-NET40|Any CPU
		{79A80992-BED3-4DED-9536-8D1808DFC79C}.Debug-NET40|Any CPU.Build.0 = Debug-NET40|Any CPU
		{79A80992-BED3-4DED-9536-8D1808DFC79C}.Debug-NET40|Mixed Platforms.ActiveCfg = Debug-NET40|Any CPU
		{79A80992-BED3-4DED-9536-8D1808DFC79C}.Debug-NET40|Mixed Platforms.Build.0 = Debug-NET40|Any CPU
		{79A80992-BED3-4DED-9536-8D1808DFC79C}.Debug-NET40|x86.ActiveCfg = Debug-NET40|Any CPU
		{79A80992-BED3-4DED-9536-8D1808DFC79C}.Release|Any CPU.ActiveCfg = Release|Any CPU
		{79A80992-BED3-4DED-9536-8D1808DFC79C}.Release|Any CPU.Build.0 = Release|Any CPU
		{79A80992-BED3-4DED-9536-8D1808DFC79C}.Release|Mixed Platforms.ActiveCfg = Release|Any CPU
		{79A80992-BED3-4DED-9536-8D1808DFC79C}.Release|Mixed Platforms.Build.0 = Release|Any CPU
		{79A80992-BED3-4DED-9536-8D1808DFC79C}.Release|x86.ActiveCfg = Release|Any CPU
		{79A80992-BED3-4DED-9536-8D1808DFC79C}.Release-NET35|Any CPU.ActiveCfg = Release-NET35|Any CPU
		{79A80992-BED3-4DED-9536-8D1808DFC79C}.Release-NET35|Any CPU.Build.0 = Release-NET35|Any CPU
		{79A80992-BED3-4DED-9536-8D1808DFC79C}.Release-NET35|Mixed Platforms.ActiveCfg = Release-NET35|Any CPU
		{79A80992-BED3-4DED-9536-8D1808DFC79C}.Release-NET35|Mixed Platforms.Build.0 = Release-NET35|Any CPU
		{79A80992-BED3-4DED-9536-8D1808DFC79C}.Release-NET35|x86.ActiveCfg = Release-NET35|Any CPU
		{79A80992-BED3-4DED-9536-8D1808DFC79C}.Release-NET40|Any CPU.ActiveCfg = Release-NET40|Any CPU
		{79A80992-BED3-4DED-9536-8D1808DFC79C}.Release-NET40|Any CPU.Build.0 = Release-NET40|Any CPU
		{79A80992-BED3-4DED-9536-8D1808DFC79C}.Release-NET40|Mixed Platforms.ActiveCfg = Release-NET40|Any CPU
		{79A80992-BED3-4DED-9536-8D1808DFC79C}.Release-NET40|Mixed Platforms.Build.0 = Release-NET40|Any CPU
		{79A80992-BED3-4DED-9536-8D1808DFC79C}.Release-NET40|x86.ActiveCfg = Release-NET40|Any CPU
		{29161519-3721-4E85-BE34-CF2807447845}.Debug|Any CPU.ActiveCfg = Debug|Any CPU
		{29161519-3721-4E85-BE34-CF2807447845}.Debug|Any CPU.Build.0 = Debug|Any CPU
		{29161519-3721-4E85-BE34-CF2807447845}.Debug|Mixed Platforms.ActiveCfg = Debug|Any CPU
		{29161519-3721-4E85-BE34-CF2807447845}.Debug|Mixed Platforms.Build.0 = Debug|Any CPU
		{29161519-3721-4E85-BE34-CF2807447845}.Debug|x86.ActiveCfg = Debug|Any CPU
		{29161519-3721-4E85-BE34-CF2807447845}.Debug-NET35|Any CPU.ActiveCfg = Debug-NET35|Any CPU
		{29161519-3721-4E85-BE34-CF2807447845}.Debug-NET35|Any CPU.Build.0 = Debug-NET35|Any CPU
		{29161519-3721-4E85-BE34-CF2807447845}.Debug-NET35|Mixed Platforms.ActiveCfg = Debug-NET35|Any CPU
		{29161519-3721-4E85-BE34-CF2807447845}.Debug-NET35|Mixed Platforms.Build.0 = Debug-NET35|Any CPU
		{29161519-3721-4E85-BE34-CF2807447845}.Debug-NET35|x86.ActiveCfg = Debug-NET35|Any CPU
		{29161519-3721-4E85-BE34-CF2807447845}.Debug-NET40|Any CPU.ActiveCfg = Debug-NET40|Any CPU
		{29161519-3721-4E85-BE34-CF2807447845}.Debug-NET40|Any CPU.Build.0 = Debug-NET40|Any CPU
		{29161519-3721-4E85-BE34-CF2807447845}.Debug-NET40|Mixed Platforms.ActiveCfg = Debug-NET40|Any CPU
		{29161519-3721-4E85-BE34-CF2807447845}.Debug-NET40|Mixed Platforms.Build.0 = Debug-NET40|Any CPU
		{29161519-3721-4E85-BE34-CF2807447845}.Debug-NET40|x86.ActiveCfg = Debug-NET40|Any CPU
		{29161519-3721-4E85-BE34-CF2807447845}.Release|Any CPU.ActiveCfg = Release|Any CPU
		{29161519-3721-4E85-BE34-CF2807447845}.Release|Any CPU.Build.0 = Release|Any CPU
		{29161519-3721-4E85-BE34-CF2807447845}.Release|Mixed Platforms.ActiveCfg = Release|Any CPU
		{29161519-3721-4E85-BE34-CF2807447845}.Release|Mixed Platforms.Build.0 = Release|Any CPU
		{29161519-3721-4E85-BE34-CF2807447845}.Release|x86.ActiveCfg = Release|Any CPU
		{29161519-3721-4E85-BE34-CF2807447845}.Release-NET35|Any CPU.ActiveCfg = Release-NET35|Any CPU
		{29161519-3721-4E85-BE34-CF2807447845}.Release-NET35|Any CPU.Build.0 = Release-NET35|Any CPU
		{29161519-3721-4E85-BE34-CF2807447845}.Release-NET35|Mixed Platforms.ActiveCfg = Release-NET35|Any CPU
		{29161519-3721-4E85-BE34-CF2807447845}.Release-NET35|Mixed Platforms.Build.0 = Release-NET35|Any CPU
		{29161519-3721-4E85-BE34-CF2807447845}.Release-NET35|x86.ActiveCfg = Release-NET35|Any CPU
		{29161519-3721-4E85-BE34-CF2807447845}.Release-NET40|Any CPU.ActiveCfg = Release-NET40|Any CPU
		{29161519-3721-4E85-BE34-CF2807447845}.Release-NET40|Any CPU.Build.0 = Release-NET40|Any CPU
		{29161519-3721-4E85-BE34-CF2807447845}.Release-NET40|Mixed Platforms.ActiveCfg = Release-NET40|Any CPU
		{29161519-3721-4E85-BE34-CF2807447845}.Release-NET40|Mixed Platforms.Build.0 = Release-NET40|Any CPU
		{29161519-3721-4E85-BE34-CF2807447845}.Release-NET40|x86.ActiveCfg = Release-NET40|Any CPU
	EndGlobalSection
	GlobalSection(SolutionProperties) = preSolution
		HideSolutionNode = FALSE
	EndGlobalSection
	GlobalSection(NestedProjects) = preSolution
		{6A9B29CD-944D-4276-BC60-38BA25D412F3} = {965D921C-751F-43A7-AA65-ADB521B5D84F}
		{BCB42B86-6F9F-47AC-BCA9-29C7CC942D29} = {2F7FFAF2-4EF1-47B0-9B37-9CC0DE16566D}
		{D1873EA1-3CBE-430E-AD92-8B9048778ABB} = {E80A2165-4630-4866-BA35-F020D3B1642D}
		{26349917-F7F6-4B26-830E-489834273158} = {E80A2165-4630-4866-BA35-F020D3B1642D}
		{C889502C-016A-4F44-9731-145E6EC71820} = {E80A2165-4630-4866-BA35-F020D3B1642D}
		{308E56CC-463B-4CB4-AE6E-BFAE92372F7A} = {E80A2165-4630-4866-BA35-F020D3B1642D}
		{915C255D-FEC2-4940-815E-DCF49AFBEF73} = {E80A2165-4630-4866-BA35-F020D3B1642D}
		{79A80992-BED3-4DED-9536-8D1808DFC79C} = {E80A2165-4630-4866-BA35-F020D3B1642D}
		{29161519-3721-4E85-BE34-CF2807447845} = {E80A2165-4630-4866-BA35-F020D3B1642D}
		{8A049031-78BC-477A-9D46-BE642271804B} = {39FC9F3E-199D-4F4F-840E-4C6B4B406018}
		{AE5C6DB0-3759-4674-AE7A-9EFCF8680DF2} = {39FC9F3E-199D-4F4F-840E-4C6B4B406018}
		{7472E7D3-E5BA-4433-B166-9A536A0E1E40} = {39FC9F3E-199D-4F4F-840E-4C6B4B406018}
		{1D75E5A0-8175-41A5-9F78-8CB66985D8CD} = {3EAE6214-73FD-48D1-BE77-3D6B4B2B9C33}
		{872F2B33-72D7-4DE1-9580-D2145C323895} = {3EAE6214-73FD-48D1-BE77-3D6B4B2B9C33}
	EndGlobalSection
EndGlobal
